// !$*UTF8*$!
{
	archiveVersion = 1;
	classes = {
	};
	objectVersion = 46;
	objects = {

/* Begin PBXBuildFile section */
		9649DAAB1D47489B007CF15E /* verrecke_dummes_vieh.jpg in Resources */ = {isa = PBXBuildFile; fileRef = 9649DAAA1D47489B007CF15E /* verrecke_dummes_vieh.jpg */; };
		9649DAB41D478A87007CF15E /* NotificationRequest.m in Sources */ = {isa = PBXBuildFile; fileRef = 9649DAB31D478A87007CF15E /* NotificationRequest.m */; };
		9649DAB71D479AC7007CF15E /* SaveFile.tsv in Resources */ = {isa = PBXBuildFile; fileRef = 9649DAB61D479AC7007CF15E /* SaveFile.tsv */; };
		969B9E921D4751C100A70029 /* TestmodeViewController.m in Sources */ = {isa = PBXBuildFile; fileRef = 969B9E911D4751C100A70029 /* TestmodeViewController.m */; };
		96A611EA1D46182100F389E7 /* main.m in Sources */ = {isa = PBXBuildFile; fileRef = 96A611E91D46182100F389E7 /* main.m */; };
		96A611ED1D46182100F389E7 /* AppDelegate.m in Sources */ = {isa = PBXBuildFile; fileRef = 96A611EC1D46182100F389E7 /* AppDelegate.m */; };
		96A611F01D46182100F389E7 /* ViewController.m in Sources */ = {isa = PBXBuildFile; fileRef = 96A611EF1D46182100F389E7 /* ViewController.m */; };
		96A611F31D46182100F389E7 /* Main.storyboard in Resources */ = {isa = PBXBuildFile; fileRef = 96A611F11D46182100F389E7 /* Main.storyboard */; };
		96A611F51D46182100F389E7 /* Assets.xcassets in Resources */ = {isa = PBXBuildFile; fileRef = 96A611F41D46182100F389E7 /* Assets.xcassets */; };
		96A611F81D46182100F389E7 /* LaunchScreen.storyboard in Resources */ = {isa = PBXBuildFile; fileRef = 96A611F61D46182100F389E7 /* LaunchScreen.storyboard */; };
		96A612031D46182100F389E7 /* TamagotchiIOS16Tests.m in Sources */ = {isa = PBXBuildFile; fileRef = 96A612021D46182100F389E7 /* TamagotchiIOS16Tests.m */; };
		96A6120E1D46182100F389E7 /* TamagotchiIOS16UITests.m in Sources */ = {isa = PBXBuildFile; fileRef = 96A6120D1D46182100F389E7 /* TamagotchiIOS16UITests.m */; };
		96A612261D46182E00F389E7 /* Food.m in Sources */ = {isa = PBXBuildFile; fileRef = 96A6121D1D46182E00F389E7 /* Food.m */; };
		96A612271D46182E00F389E7 /* Owner.m in Sources */ = {isa = PBXBuildFile; fileRef = 96A6121F1D46182E00F389E7 /* Owner.m */; };
		96A612281D46182E00F389E7 /* Pet.m in Sources */ = {isa = PBXBuildFile; fileRef = 96A612211D46182E00F389E7 /* Pet.m */; };
		96A612291D46182E00F389E7 /* Storage.m in Sources */ = {isa = PBXBuildFile; fileRef = 96A612231D46182E00F389E7 /* Storage.m */; };
		96A6122A1D46182E00F389E7 /* Store.m in Sources */ = {isa = PBXBuildFile; fileRef = 96A612251D46182E00F389E7 /* Store.m */; };
		96A6122D1D46335E00F389E7 /* critter1.jpg in Resources */ = {isa = PBXBuildFile; fileRef = 96A6122B1D46335E00F389E7 /* critter1.jpg */; };
		96A6122E1D46335E00F389E7 /* critter2.jpg in Resources */ = {isa = PBXBuildFile; fileRef = 96A6122C1D46335E00F389E7 /* critter2.jpg */; };
		96A612331D46369900F389E7 /* GameViewController.m in Sources */ = {isa = PBXBuildFile; fileRef = 96A612321D46369900F389E7 /* GameViewController.m */; };
		96A666411D4754C2000A4DF5 /* Apple.m in Sources */ = {isa = PBXBuildFile; fileRef = 96A666401D4754C2000A4DF5 /* Apple.m */; };
		96A666431D4754EC000A4DF5 /* Soda.m in Sources */ = {isa = PBXBuildFile; fileRef = 96A666421D4754EC000A4DF5 /* Soda.m */; };
		96A666491D4773F9000A4DF5 /* Loader.m in Sources */ = {isa = PBXBuildFile; fileRef = 96A666461D4773F9000A4DF5 /* Loader.m */; };
		96A6664A1D4773F9000A4DF5 /* Saver.m in Sources */ = {isa = PBXBuildFile; fileRef = 96A666481D4773F9000A4DF5 /* Saver.m */; };
		96CC5C721D47A21100DB090A /* coin.jpg in Resources */ = {isa = PBXBuildFile; fileRef = 96CC5C711D47A21100DB090A /* coin.jpg */; };
		96FC92F11D465F5100E49E48 /* StoreViewController.m in Sources */ = {isa = PBXBuildFile; fileRef = 96FC92F01D465F5100E49E48 /* StoreViewController.m */; };
/* End PBXBuildFile section */

/* Begin PBXContainerItemProxy section */
		96A611FF1D46182100F389E7 /* PBXContainerItemProxy */ = {
			isa = PBXContainerItemProxy;
			containerPortal = 96A611DD1D46182100F389E7 /* Project object */;
			proxyType = 1;
			remoteGlobalIDString = 96A611E41D46182100F389E7;
			remoteInfo = TamagotchiIOS16;
		};
		96A6120A1D46182100F389E7 /* PBXContainerItemProxy */ = {
			isa = PBXContainerItemProxy;
			containerPortal = 96A611DD1D46182100F389E7 /* Project object */;
			proxyType = 1;
			remoteGlobalIDString = 96A611E41D46182100F389E7;
			remoteInfo = TamagotchiIOS16;
		};
/* End PBXContainerItemProxy section */

/* Begin PBXFileReference section */
		9649DAAA1D47489B007CF15E /* verrecke_dummes_vieh.jpg */ = {isa = PBXFileReference; lastKnownFileType = image.jpeg; path = verrecke_dummes_vieh.jpg; sourceTree = "<group>"; };
		9649DAB31D478A87007CF15E /* NotificationRequest.m */ = {isa = PBXFileReference; fileEncoding = 4; lastKnownFileType = sourcecode.c.objc; path = NotificationRequest.m; sourceTree = "<group>"; };
		9649DAB51D478AA9007CF15E /* NotificationRequest.h */ = {isa = PBXFileReference; fileEncoding = 4; lastKnownFileType = sourcecode.c.h; path = NotificationRequest.h; sourceTree = "<group>"; };
		9649DAB61D479AC7007CF15E /* SaveFile.tsv */ = {isa = PBXFileReference; fileEncoding = 4; lastKnownFileType = text; path = SaveFile.tsv; sourceTree = "<group>"; };
		969B9E901D47518900A70029 /* TestmodeViewController.h */ = {isa = PBXFileReference; fileEncoding = 4; lastKnownFileType = sourcecode.c.h; path = TestmodeViewController.h; sourceTree = "<group>"; };
		969B9E911D4751C100A70029 /* TestmodeViewController.m */ = {isa = PBXFileReference; fileEncoding = 4; lastKnownFileType = sourcecode.c.objc; path = TestmodeViewController.m; sourceTree = "<group>"; };
		96A611E51D46182100F389E7 /* TamagotchiIOS16.app */ = {isa = PBXFileReference; explicitFileType = wrapper.application; includeInIndex = 0; path = TamagotchiIOS16.app; sourceTree = BUILT_PRODUCTS_DIR; };
		96A611E91D46182100F389E7 /* main.m */ = {isa = PBXFileReference; lastKnownFileType = sourcecode.c.objc; path = main.m; sourceTree = "<group>"; };
		96A611EB1D46182100F389E7 /* AppDelegate.h */ = {isa = PBXFileReference; lastKnownFileType = sourcecode.c.h; path = AppDelegate.h; sourceTree = "<group>"; };
		96A611EC1D46182100F389E7 /* AppDelegate.m */ = {isa = PBXFileReference; lastKnownFileType = sourcecode.c.objc; path = AppDelegate.m; sourceTree = "<group>"; };
		96A611EE1D46182100F389E7 /* ViewController.h */ = {isa = PBXFileReference; lastKnownFileType = sourcecode.c.h; path = ViewController.h; sourceTree = "<group>"; };
		96A611EF1D46182100F389E7 /* ViewController.m */ = {isa = PBXFileReference; lastKnownFileType = sourcecode.c.objc; path = ViewController.m; sourceTree = "<group>"; };
		96A611F21D46182100F389E7 /* Base */ = {isa = PBXFileReference; lastKnownFileType = file.storyboard; name = Base; path = Base.lproj/Main.storyboard; sourceTree = "<group>"; };
		96A611F41D46182100F389E7 /* Assets.xcassets */ = {isa = PBXFileReference; lastKnownFileType = folder.assetcatalog; path = Assets.xcassets; sourceTree = "<group>"; };
		96A611F71D46182100F389E7 /* Base */ = {isa = PBXFileReference; lastKnownFileType = file.storyboard; name = Base; path = Base.lproj/LaunchScreen.storyboard; sourceTree = "<group>"; };
		96A611F91D46182100F389E7 /* Info.plist */ = {isa = PBXFileReference; lastKnownFileType = text.plist.xml; path = Info.plist; sourceTree = "<group>"; };
		96A611FE1D46182100F389E7 /* TamagotchiIOS16Tests.xctest */ = {isa = PBXFileReference; explicitFileType = wrapper.cfbundle; includeInIndex = 0; path = TamagotchiIOS16Tests.xctest; sourceTree = BUILT_PRODUCTS_DIR; };
		96A612021D46182100F389E7 /* TamagotchiIOS16Tests.m */ = {isa = PBXFileReference; lastKnownFileType = sourcecode.c.objc; path = TamagotchiIOS16Tests.m; sourceTree = "<group>"; };
		96A612041D46182100F389E7 /* Info.plist */ = {isa = PBXFileReference; lastKnownFileType = text.plist.xml; path = Info.plist; sourceTree = "<group>"; };
		96A612091D46182100F389E7 /* TamagotchiIOS16UITests.xctest */ = {isa = PBXFileReference; explicitFileType = wrapper.cfbundle; includeInIndex = 0; path = TamagotchiIOS16UITests.xctest; sourceTree = BUILT_PRODUCTS_DIR; };
		96A6120D1D46182100F389E7 /* TamagotchiIOS16UITests.m */ = {isa = PBXFileReference; lastKnownFileType = sourcecode.c.objc; path = TamagotchiIOS16UITests.m; sourceTree = "<group>"; };
		96A6120F1D46182100F389E7 /* Info.plist */ = {isa = PBXFileReference; lastKnownFileType = text.plist.xml; path = Info.plist; sourceTree = "<group>"; };
		96A6121C1D46182E00F389E7 /* Food.h */ = {isa = PBXFileReference; fileEncoding = 4; lastKnownFileType = sourcecode.c.h; path = Food.h; sourceTree = "<group>"; };
		96A6121D1D46182E00F389E7 /* Food.m */ = {isa = PBXFileReference; fileEncoding = 4; lastKnownFileType = sourcecode.c.objc; path = Food.m; sourceTree = "<group>"; };
		96A6121E1D46182E00F389E7 /* Owner.h */ = {isa = PBXFileReference; fileEncoding = 4; lastKnownFileType = sourcecode.c.h; path = Owner.h; sourceTree = "<group>"; };
		96A6121F1D46182E00F389E7 /* Owner.m */ = {isa = PBXFileReference; fileEncoding = 4; lastKnownFileType = sourcecode.c.objc; path = Owner.m; sourceTree = "<group>"; };
		96A612201D46182E00F389E7 /* Pet.h */ = {isa = PBXFileReference; fileEncoding = 4; lastKnownFileType = sourcecode.c.h; path = Pet.h; sourceTree = "<group>"; };
		96A612211D46182E00F389E7 /* Pet.m */ = {isa = PBXFileReference; fileEncoding = 4; lastKnownFileType = sourcecode.c.objc; path = Pet.m; sourceTree = "<group>"; };
		96A612221D46182E00F389E7 /* Storage.h */ = {isa = PBXFileReference; fileEncoding = 4; lastKnownFileType = sourcecode.c.h; path = Storage.h; sourceTree = "<group>"; };
		96A612231D46182E00F389E7 /* Storage.m */ = {isa = PBXFileReference; fileEncoding = 4; lastKnownFileType = sourcecode.c.objc; path = Storage.m; sourceTree = "<group>"; };
		96A612241D46182E00F389E7 /* Store.h */ = {isa = PBXFileReference; fileEncoding = 4; lastKnownFileType = sourcecode.c.h; path = Store.h; sourceTree = "<group>"; };
		96A612251D46182E00F389E7 /* Store.m */ = {isa = PBXFileReference; fileEncoding = 4; lastKnownFileType = sourcecode.c.objc; path = Store.m; sourceTree = "<group>"; };
		96A6122B1D46335E00F389E7 /* critter1.jpg */ = {isa = PBXFileReference; lastKnownFileType = image.jpeg; path = critter1.jpg; sourceTree = "<group>"; };
		96A6122C1D46335E00F389E7 /* critter2.jpg */ = {isa = PBXFileReference; lastKnownFileType = image.jpeg; path = critter2.jpg; sourceTree = "<group>"; };
		96A612321D46369900F389E7 /* GameViewController.m */ = {isa = PBXFileReference; fileEncoding = 4; lastKnownFileType = sourcecode.c.objc; path = GameViewController.m; sourceTree = "<group>"; };
		96A612341D4636B200F389E7 /* GameViewController.h */ = {isa = PBXFileReference; lastKnownFileType = sourcecode.c.h; path = GameViewController.h; sourceTree = "<group>"; };
		96A6663F1D4754C2000A4DF5 /* Apple.h */ = {isa = PBXFileReference; fileEncoding = 4; lastKnownFileType = sourcecode.c.h; path = Apple.h; sourceTree = "<group>"; };
		96A666401D4754C2000A4DF5 /* Apple.m */ = {isa = PBXFileReference; fileEncoding = 4; lastKnownFileType = sourcecode.c.objc; path = Apple.m; sourceTree = "<group>"; };
		96A666421D4754EC000A4DF5 /* Soda.m */ = {isa = PBXFileReference; fileEncoding = 4; lastKnownFileType = sourcecode.c.objc; path = Soda.m; sourceTree = "<group>"; };
		96A666441D4754FB000A4DF5 /* Soda.h */ = {isa = PBXFileReference; lastKnownFileType = sourcecode.c.h; path = Soda.h; sourceTree = "<group>"; };
		96A666451D4773F9000A4DF5 /* Loader.h */ = {isa = PBXFileReference; fileEncoding = 4; lastKnownFileType = sourcecode.c.h; name = Loader.h; path = Model/Loader.h; sourceTree = "<group>"; };
		96A666461D4773F9000A4DF5 /* Loader.m */ = {isa = PBXFileReference; fileEncoding = 4; lastKnownFileType = sourcecode.c.objc; name = Loader.m; path = Model/Loader.m; sourceTree = "<group>"; };
		96A666471D4773F9000A4DF5 /* Saver.h */ = {isa = PBXFileReference; fileEncoding = 4; lastKnownFileType = sourcecode.c.h; name = Saver.h; path = Model/Saver.h; sourceTree = "<group>"; };
		96A666481D4773F9000A4DF5 /* Saver.m */ = {isa = PBXFileReference; fileEncoding = 4; lastKnownFileType = sourcecode.c.objc; name = Saver.m; path = Model/Saver.m; sourceTree = "<group>"; };
		96CC5C711D47A21100DB090A /* coin.jpg */ = {isa = PBXFileReference; lastKnownFileType = image.jpeg; path = coin.jpg; sourceTree = "<group>"; };
		96FC92EF1D465E9300E49E48 /* StoreViewController.h */ = {isa = PBXFileReference; lastKnownFileType = sourcecode.c.h; path = StoreViewController.h; sourceTree = "<group>"; };
		96FC92F01D465F5100E49E48 /* StoreViewController.m */ = {isa = PBXFileReference; fileEncoding = 4; lastKnownFileType = sourcecode.c.objc; path = StoreViewController.m; sourceTree = "<group>"; };
/* End PBXFileReference section */

/* Begin PBXFrameworksBuildPhase section */
		96A611E21D46182100F389E7 /* Frameworks */ = {
			isa = PBXFrameworksBuildPhase;
			buildActionMask = 2147483647;
			files = (
			);
			runOnlyForDeploymentPostprocessing = 0;
		};
		96A611FB1D46182100F389E7 /* Frameworks */ = {
			isa = PBXFrameworksBuildPhase;
			buildActionMask = 2147483647;
			files = (
			);
			runOnlyForDeploymentPostprocessing = 0;
		};
		96A612061D46182100F389E7 /* Frameworks */ = {
			isa = PBXFrameworksBuildPhase;
			buildActionMask = 2147483647;
			files = (
			);
			runOnlyForDeploymentPostprocessing = 0;
		};
/* End PBXFrameworksBuildPhase section */

/* Begin PBXGroup section */
		96A611DC1D46182100F389E7 = {
			isa = PBXGroup;
			children = (
				96A611E71D46182100F389E7 /* TamagotchiIOS16 */,
				96A612011D46182100F389E7 /* TamagotchiIOS16Tests */,
				96A6120C1D46182100F389E7 /* TamagotchiIOS16UITests */,
				96A611E61D46182100F389E7 /* Products */,
			);
			sourceTree = "<group>";
		};
		96A611E61D46182100F389E7 /* Products */ = {
			isa = PBXGroup;
			children = (
				96A611E51D46182100F389E7 /* TamagotchiIOS16.app */,
				96A611FE1D46182100F389E7 /* TamagotchiIOS16Tests.xctest */,
				96A612091D46182100F389E7 /* TamagotchiIOS16UITests.xctest */,
			);
			name = Products;
			sourceTree = "<group>";
		};
		96A611E71D46182100F389E7 /* TamagotchiIOS16 */ = {
			isa = PBXGroup;
			children = (
				96A6664B1D477418000A4DF5 /* Util */,
				96A611EB1D46182100F389E7 /* AppDelegate.h */,
				96A611EC1D46182100F389E7 /* AppDelegate.m */,
				96A6121B1D46182E00F389E7 /* Model */,
				96A611EE1D46182100F389E7 /* ViewController.h */,
				96A611EF1D46182100F389E7 /* ViewController.m */,
				96A611F11D46182100F389E7 /* Main.storyboard */,
				96A612321D46369900F389E7 /* GameViewController.m */,
				96A612341D4636B200F389E7 /* GameViewController.h */,
				96A611F41D46182100F389E7 /* Assets.xcassets */,
				96A611F61D46182100F389E7 /* LaunchScreen.storyboard */,
				96A611F91D46182100F389E7 /* Info.plist */,
				96A611E81D46182100F389E7 /* Supporting Files */,
				96FC92EF1D465E9300E49E48 /* StoreViewController.h */,
				96FC92F01D465F5100E49E48 /* StoreViewController.m */,
				969B9E901D47518900A70029 /* TestmodeViewController.h */,
				969B9E911D4751C100A70029 /* TestmodeViewController.m */,
			);
			path = TamagotchiIOS16;
			sourceTree = "<group>";
		};
		96A611E81D46182100F389E7 /* Supporting Files */ = {
			isa = PBXGroup;
			children = (
				96CC5C711D47A21100DB090A /* coin.jpg */,
				9649DAB61D479AC7007CF15E /* SaveFile.tsv */,
				96A6122B1D46335E00F389E7 /* critter1.jpg */,
				96A6122C1D46335E00F389E7 /* critter2.jpg */,
				9649DAAA1D47489B007CF15E /* verrecke_dummes_vieh.jpg */,
				96A611E91D46182100F389E7 /* main.m */,
			);
			name = "Supporting Files";
			sourceTree = "<group>";
		};
		96A612011D46182100F389E7 /* TamagotchiIOS16Tests */ = {
			isa = PBXGroup;
			children = (
				96A612021D46182100F389E7 /* TamagotchiIOS16Tests.m */,
				96A612041D46182100F389E7 /* Info.plist */,
			);
			path = TamagotchiIOS16Tests;
			sourceTree = "<group>";
		};
		96A6120C1D46182100F389E7 /* TamagotchiIOS16UITests */ = {
			isa = PBXGroup;
			children = (
				96A6120D1D46182100F389E7 /* TamagotchiIOS16UITests.m */,
				96A6120F1D46182100F389E7 /* Info.plist */,
			);
			path = TamagotchiIOS16UITests;
			sourceTree = "<group>";
		};
		96A6121B1D46182E00F389E7 /* Model */ = {
			isa = PBXGroup;
			children = (
				96A6663F1D4754C2000A4DF5 /* Apple.h */,
				96A666401D4754C2000A4DF5 /* Apple.m */,
				96A6121C1D46182E00F389E7 /* Food.h */,
				96A6121D1D46182E00F389E7 /* Food.m */,
				96A6121E1D46182E00F389E7 /* Owner.h */,
				96A6121F1D46182E00F389E7 /* Owner.m */,
				96A612201D46182E00F389E7 /* Pet.h */,
				96A612211D46182E00F389E7 /* Pet.m */,
				96A612221D46182E00F389E7 /* Storage.h */,
				96A612231D46182E00F389E7 /* Storage.m */,
				96A612241D46182E00F389E7 /* Store.h */,
				96A612251D46182E00F389E7 /* Store.m */,
				96A666421D4754EC000A4DF5 /* Soda.m */,
				96A666441D4754FB000A4DF5 /* Soda.h */,
				9649DAB31D478A87007CF15E /* NotificationRequest.m */,
				9649DAB51D478AA9007CF15E /* NotificationRequest.h */,
			);
			path = Model;
			sourceTree = "<group>";
		};
		96A6664B1D477418000A4DF5 /* Util */ = {
			isa = PBXGroup;
			children = (
				96A666451D4773F9000A4DF5 /* Loader.h */,
				96A666461D4773F9000A4DF5 /* Loader.m */,
				96A666471D4773F9000A4DF5 /* Saver.h */,
				96A666481D4773F9000A4DF5 /* Saver.m */,
			);
			name = Util;
			sourceTree = "<group>";
		};
/* End PBXGroup section */

/* Begin PBXNativeTarget section */
		96A611E41D46182100F389E7 /* TamagotchiIOS16 */ = {
			isa = PBXNativeTarget;
			buildConfigurationList = 96A612121D46182100F389E7 /* Build configuration list for PBXNativeTarget "TamagotchiIOS16" */;
			buildPhases = (
				96A611E11D46182100F389E7 /* Sources */,
				96A611E21D46182100F389E7 /* Frameworks */,
				96A611E31D46182100F389E7 /* Resources */,
			);
			buildRules = (
			);
			dependencies = (
			);
			name = TamagotchiIOS16;
			productName = TamagotchiIOS16;
			productReference = 96A611E51D46182100F389E7 /* TamagotchiIOS16.app */;
			productType = "com.apple.product-type.application";
		};
		96A611FD1D46182100F389E7 /* TamagotchiIOS16Tests */ = {
			isa = PBXNativeTarget;
			buildConfigurationList = 96A612151D46182100F389E7 /* Build configuration list for PBXNativeTarget "TamagotchiIOS16Tests" */;
			buildPhases = (
				96A611FA1D46182100F389E7 /* Sources */,
				96A611FB1D46182100F389E7 /* Frameworks */,
				96A611FC1D46182100F389E7 /* Resources */,
			);
			buildRules = (
			);
			dependencies = (
				96A612001D46182100F389E7 /* PBXTargetDependency */,
			);
			name = TamagotchiIOS16Tests;
			productName = TamagotchiIOS16Tests;
			productReference = 96A611FE1D46182100F389E7 /* TamagotchiIOS16Tests.xctest */;
			productType = "com.apple.product-type.bundle.unit-test";
		};
		96A612081D46182100F389E7 /* TamagotchiIOS16UITests */ = {
			isa = PBXNativeTarget;
			buildConfigurationList = 96A612181D46182100F389E7 /* Build configuration list for PBXNativeTarget "TamagotchiIOS16UITests" */;
			buildPhases = (
				96A612051D46182100F389E7 /* Sources */,
				96A612061D46182100F389E7 /* Frameworks */,
				96A612071D46182100F389E7 /* Resources */,
			);
			buildRules = (
			);
			dependencies = (
				96A6120B1D46182100F389E7 /* PBXTargetDependency */,
			);
			name = TamagotchiIOS16UITests;
			productName = TamagotchiIOS16UITests;
			productReference = 96A612091D46182100F389E7 /* TamagotchiIOS16UITests.xctest */;
			productType = "com.apple.product-type.bundle.ui-testing";
		};
/* End PBXNativeTarget section */

/* Begin PBXProject section */
		96A611DD1D46182100F389E7 /* Project object */ = {
			isa = PBXProject;
			attributes = {
				LastUpgradeCheck = 0730;
				ORGANIZATIONNAME = Codecamp;
				TargetAttributes = {
					96A611E41D46182100F389E7 = {
						CreatedOnToolsVersion = 7.3.1;
					};
					96A611FD1D46182100F389E7 = {
						CreatedOnToolsVersion = 7.3.1;
						TestTargetID = 96A611E41D46182100F389E7;
					};
					96A612081D46182100F389E7 = {
						CreatedOnToolsVersion = 7.3.1;
						TestTargetID = 96A611E41D46182100F389E7;
					};
				};
			};
			buildConfigurationList = 96A611E01D46182100F389E7 /* Build configuration list for PBXProject "TamagotchiIOS16" */;
			compatibilityVersion = "Xcode 3.2";
			developmentRegion = English;
			hasScannedForEncodings = 0;
			knownRegions = (
				en,
				Base,
			);
			mainGroup = 96A611DC1D46182100F389E7;
			productRefGroup = 96A611E61D46182100F389E7 /* Products */;
			projectDirPath = "";
			projectRoot = "";
			targets = (
				96A611E41D46182100F389E7 /* TamagotchiIOS16 */,
				96A611FD1D46182100F389E7 /* TamagotchiIOS16Tests */,
				96A612081D46182100F389E7 /* TamagotchiIOS16UITests */,
			);
		};
/* End PBXProject section */

/* Begin PBXResourcesBuildPhase section */
		96A611E31D46182100F389E7 /* Resources */ = {
			isa = PBXResourcesBuildPhase;
			buildActionMask = 2147483647;
			files = (
				96CC5C721D47A21100DB090A /* coin.jpg in Resources */,
				96A611F81D46182100F389E7 /* LaunchScreen.storyboard in Resources */,
				96A6122D1D46335E00F389E7 /* critter1.jpg in Resources */,
				9649DAB71D479AC7007CF15E /* SaveFile.tsv in Resources */,
				96A611F51D46182100F389E7 /* Assets.xcassets in Resources */,
				96A611F31D46182100F389E7 /* Main.storyboard in Resources */,
				96A6122E1D46335E00F389E7 /* critter2.jpg in Resources */,
				9649DAAB1D47489B007CF15E /* verrecke_dummes_vieh.jpg in Resources */,
			);
			runOnlyForDeploymentPostprocessing = 0;
		};
		96A611FC1D46182100F389E7 /* Resources */ = {
			isa = PBXResourcesBuildPhase;
			buildActionMask = 2147483647;
			files = (
			);
			runOnlyForDeploymentPostprocessing = 0;
		};
		96A612071D46182100F389E7 /* Resources */ = {
			isa = PBXResourcesBuildPhase;
			buildActionMask = 2147483647;
			files = (
			);
			runOnlyForDeploymentPostprocessing = 0;
		};
/* End PBXResourcesBuildPhase section */

/* Begin PBXSourcesBuildPhase section */
		96A611E11D46182100F389E7 /* Sources */ = {
			isa = PBXSourcesBuildPhase;
			buildActionMask = 2147483647;
			files = (
				9649DAB41D478A87007CF15E /* NotificationRequest.m in Sources */,
				96A611F01D46182100F389E7 /* ViewController.m in Sources */,
				96A612261D46182E00F389E7 /* Food.m in Sources */,
				96A612271D46182E00F389E7 /* Owner.m in Sources */,
				96A6122A1D46182E00F389E7 /* Store.m in Sources */,
				96A666411D4754C2000A4DF5 /* Apple.m in Sources */,
				969B9E921D4751C100A70029 /* TestmodeViewController.m in Sources */,
				96A6664A1D4773F9000A4DF5 /* Saver.m in Sources */,
				96A666491D4773F9000A4DF5 /* Loader.m in Sources */,
				96FC92F11D465F5100E49E48 /* StoreViewController.m in Sources */,
				96A612331D46369900F389E7 /* GameViewController.m in Sources */,
				96A611ED1D46182100F389E7 /* AppDelegate.m in Sources */,
				96A666431D4754EC000A4DF5 /* Soda.m in Sources */,
				96A611EA1D46182100F389E7 /* main.m in Sources */,
				96A612281D46182E00F389E7 /* Pet.m in Sources */,
				96A612291D46182E00F389E7 /* Storage.m in Sources */,
			);
			runOnlyForDeploymentPostprocessing = 0;
		};
		96A611FA1D46182100F389E7 /* Sources */ = {
			isa = PBXSourcesBuildPhase;
			buildActionMask = 2147483647;
			files = (
				96A612031D46182100F389E7 /* TamagotchiIOS16Tests.m in Sources */,
			);
			runOnlyForDeploymentPostprocessing = 0;
		};
		96A612051D46182100F389E7 /* Sources */ = {
			isa = PBXSourcesBuildPhase;
			buildActionMask = 2147483647;
			files = (
				96A6120E1D46182100F389E7 /* TamagotchiIOS16UITests.m in Sources */,
			);
			runOnlyForDeploymentPostprocessing = 0;
		};
/* End PBXSourcesBuildPhase section */

/* Begin PBXTargetDependency section */
		96A612001D46182100F389E7 /* PBXTargetDependency */ = {
			isa = PBXTargetDependency;
			target = 96A611E41D46182100F389E7 /* TamagotchiIOS16 */;
			targetProxy = 96A611FF1D46182100F389E7 /* PBXContainerItemProxy */;
		};
		96A6120B1D46182100F389E7 /* PBXTargetDependency */ = {
			isa = PBXTargetDependency;
			target = 96A611E41D46182100F389E7 /* TamagotchiIOS16 */;
			targetProxy = 96A6120A1D46182100F389E7 /* PBXContainerItemProxy */;
		};
/* End PBXTargetDependency section */

/* Begin PBXVariantGroup section */
		96A611F11D46182100F389E7 /* Main.storyboard */ = {
			isa = PBXVariantGroup;
			children = (
				96A611F21D46182100F389E7 /* Base */,
			);
			name = Main.storyboard;
			sourceTree = "<group>";
		};
		96A611F61D46182100F389E7 /* LaunchScreen.storyboard */ = {
			isa = PBXVariantGroup;
			children = (
				96A611F71D46182100F389E7 /* Base */,
			);
			name = LaunchScreen.storyboard;
			sourceTree = "<group>";
		};
/* End PBXVariantGroup section */

/* Begin XCBuildConfiguration section */
		96A612101D46182100F389E7 /* Debug */ = {
			isa = XCBuildConfiguration;
			buildSettings = {
				ALWAYS_SEARCH_USER_PATHS = NO;
				CLANG_ANALYZER_NONNULL = YES;
				CLANG_CXX_LANGUAGE_STANDARD = "gnu++0x";
				CLANG_CXX_LIBRARY = "libc++";
				CLANG_ENABLE_MODULES = YES;
				CLANG_ENABLE_OBJC_ARC = YES;
				CLANG_WARN_BOOL_CONVERSION = YES;
				CLANG_WARN_CONSTANT_CONVERSION = YES;
				CLANG_WARN_DIRECT_OBJC_ISA_USAGE = YES_ERROR;
				CLANG_WARN_EMPTY_BODY = YES;
				CLANG_WARN_ENUM_CONVERSION = YES;
				CLANG_WARN_INT_CONVERSION = YES;
				CLANG_WARN_OBJC_ROOT_CLASS = YES_ERROR;
				CLANG_WARN_UNREACHABLE_CODE = YES;
				CLANG_WARN__DUPLICATE_METHOD_MATCH = YES;
				"CODE_SIGN_IDENTITY[sdk=iphoneos*]" = "iPhone Developer";
				COPY_PHASE_STRIP = NO;
				DEBUG_INFORMATION_FORMAT = dwarf;
				ENABLE_STRICT_OBJC_MSGSEND = YES;
				ENABLE_TESTABILITY = YES;
				GCC_C_LANGUAGE_STANDARD = gnu99;
				GCC_DYNAMIC_NO_PIC = NO;
				GCC_NO_COMMON_BLOCKS = YES;
				GCC_OPTIMIZATION_LEVEL = 0;
				GCC_PREPROCESSOR_DEFINITIONS = (
					"DEBUG=1",
					"$(inherited)",
				);
				GCC_WARN_64_TO_32_BIT_CONVERSION = YES;
				GCC_WARN_ABOUT_RETURN_TYPE = YES_ERROR;
				GCC_WARN_UNDECLARED_SELECTOR = YES;
				GCC_WARN_UNINITIALIZED_AUTOS = YES_AGGRESSIVE;
				GCC_WARN_UNUSED_FUNCTION = YES;
				GCC_WARN_UNUSED_VARIABLE = YES;
				IPHONEOS_DEPLOYMENT_TARGET = 9.3;
				MTL_ENABLE_DEBUG_INFO = YES;
				ONLY_ACTIVE_ARCH = YES;
				SDKROOT = iphoneos;
				TARGETED_DEVICE_FAMILY = "1,2";
			};
			name = Debug;
		};
		96A612111D46182100F389E7 /* Release */ = {
			isa = XCBuildConfiguration;
			buildSettings = {
				ALWAYS_SEARCH_USER_PATHS = NO;
				CLANG_ANALYZER_NONNULL = YES;
				CLANG_CXX_LANGUAGE_STANDARD = "gnu++0x";
				CLANG_CXX_LIBRARY = "libc++";
				CLANG_ENABLE_MODULES = YES;
				CLANG_ENABLE_OBJC_ARC = YES;
				CLANG_WARN_BOOL_CONVERSION = YES;
				CLANG_WARN_CONSTANT_CONVERSION = YES;
				CLANG_WARN_DIRECT_OBJC_ISA_USAGE = YES_ERROR;
				CLANG_WARN_EMPTY_BODY = YES;
				CLANG_WARN_ENUM_CONVERSION = YES;
				CLANG_WARN_INT_CONVERSION = YES;
				CLANG_WARN_OBJC_ROOT_CLASS = YES_ERROR;
				CLANG_WARN_UNREACHABLE_CODE = YES;
				CLANG_WARN__DUPLICATE_METHOD_MATCH = YES;
				"CODE_SIGN_IDENTITY[sdk=iphoneos*]" = "iPhone Developer";
				COPY_PHASE_STRIP = NO;
				DEBUG_INFORMATION_FORMAT = "dwarf-with-dsym";
				ENABLE_NS_ASSERTIONS = NO;
				ENABLE_STRICT_OBJC_MSGSEND = YES;
				GCC_C_LANGUAGE_STANDARD = gnu99;
				GCC_NO_COMMON_BLOCKS = YES;
				GCC_WARN_64_TO_32_BIT_CONVERSION = YES;
				GCC_WARN_ABOUT_RETURN_TYPE = YES_ERROR;
				GCC_WARN_UNDECLARED_SELECTOR = YES;
				GCC_WARN_UNINITIALIZED_AUTOS = YES_AGGRESSIVE;
				GCC_WARN_UNUSED_FUNCTION = YES;
				GCC_WARN_UNUSED_VARIABLE = YES;
				IPHONEOS_DEPLOYMENT_TARGET = 9.3;
				MTL_ENABLE_DEBUG_INFO = NO;
				SDKROOT = iphoneos;
				TARGETED_DEVICE_FAMILY = "1,2";
				VALIDATE_PRODUCT = YES;
			};
			name = Release;
		};
		96A612131D46182100F389E7 /* Debug */ = {
			isa = XCBuildConfiguration;
			buildSettings = {
				ASSETCATALOG_COMPILER_APPICON_NAME = AppIcon;
				INFOPLIST_FILE = TamagotchiIOS16/Info.plist;
				LD_RUNPATH_SEARCH_PATHS = "$(inherited) @executable_path/Frameworks";
				PRODUCT_BUNDLE_IDENTIFIER = "de.uni-kassel.eecs.comtec.TamagotchiIOS16";
				PRODUCT_NAME = "$(TARGET_NAME)";
			};
			name = Debug;
		};
		96A612141D46182100F389E7 /* Release */ = {
			isa = XCBuildConfiguration;
			buildSettings = {
				ASSETCATALOG_COMPILER_APPICON_NAME = AppIcon;
				INFOPLIST_FILE = TamagotchiIOS16/Info.plist;
				LD_RUNPATH_SEARCH_PATHS = "$(inherited) @executable_path/Frameworks";
				PRODUCT_BUNDLE_IDENTIFIER = "de.uni-kassel.eecs.comtec.TamagotchiIOS16";
				PRODUCT_NAME = "$(TARGET_NAME)";
			};
			name = Release;
		};
		96A612161D46182100F389E7 /* Debug */ = {
			isa = XCBuildConfiguration;
			buildSettings = {
				BUNDLE_LOADER = "$(TEST_HOST)";
				INFOPLIST_FILE = TamagotchiIOS16Tests/Info.plist;
				LD_RUNPATH_SEARCH_PATHS = "$(inherited) @executable_path/Frameworks @loader_path/Frameworks";
				PRODUCT_BUNDLE_IDENTIFIER = "de.uni-kassel.eecs.comtec.TamagotchiIOS16Tests";
				PRODUCT_NAME = "$(TARGET_NAME)";
				TEST_HOST = "$(BUILT_PRODUCTS_DIR)/TamagotchiIOS16.app/TamagotchiIOS16";
			};
			name = Debug;
		};
		96A612171D46182100F389E7 /* Release */ = {
			isa = XCBuildConfiguration;
			buildSettings = {
				BUNDLE_LOADER = "$(TEST_HOST)";
				INFOPLIST_FILE = TamagotchiIOS16Tests/Info.plist;
				LD_RUNPATH_SEARCH_PATHS = "$(inherited) @executable_path/Frameworks @loader_path/Frameworks";
				PRODUCT_BUNDLE_IDENTIFIER = "de.uni-kassel.eecs.comtec.TamagotchiIOS16Tests";
				PRODUCT_NAME = "$(TARGET_NAME)";
				TEST_HOST = "$(BUILT_PRODUCTS_DIR)/TamagotchiIOS16.app/TamagotchiIOS16";
			};
			name = Release;
		};
		96A612191D46182100F389E7 /* Debug */ = {
			isa = XCBuildConfiguration;
			buildSettings = {
				INFOPLIST_FILE = TamagotchiIOS16UITests/Info.plist;
				LD_RUNPATH_SEARCH_PATHS = "$(inherited) @executable_path/Frameworks @loader_path/Frameworks";
				PRODUCT_BUNDLE_IDENTIFIER = "de.uni-kassel.eecs.comtec.TamagotchiIOS16UITests";
				PRODUCT_NAME = "$(TARGET_NAME)";
				TEST_TARGET_NAME = TamagotchiIOS16;
			};
			name = Debug;
		};
		96A6121A1D46182100F389E7 /* Release */ = {
			isa = XCBuildConfiguration;
			buildSettings = {
				INFOPLIST_FILE = TamagotchiIOS16UITests/Info.plist;
				LD_RUNPATH_SEARCH_PATHS = "$(inherited) @executable_path/Frameworks @loader_path/Frameworks";
				PRODUCT_BUNDLE_IDENTIFIER = "de.uni-kassel.eecs.comtec.TamagotchiIOS16UITests";
				PRODUCT_NAME = "$(TARGET_NAME)";
				TEST_TARGET_NAME = TamagotchiIOS16;
			};
			name = Release;
		};
/* End XCBuildConfiguration section */

/* Begin XCConfigurationList section */
		96A611E01D46182100F389E7 /* Build configuration list for PBXProject "TamagotchiIOS16" */ = {
			isa = XCConfigurationList;
			buildConfigurations = (
				96A612101D46182100F389E7 /* Debug */,
				96A612111D46182100F389E7 /* Release */,
			);
			defaultConfigurationIsVisible = 0;
			defaultConfigurationName = Release;
		};
		96A612121D46182100F389E7 /* Build configuration list for PBXNativeTarget "TamagotchiIOS16" */ = {
			isa = XCConfigurationList;
			buildConfigurations = (
				96A612131D46182100F389E7 /* Debug */,
				96A612141D46182100F389E7 /* Release */,
			);
			defaultConfigurationIsVisible = 0;
			defaultConfigurationName = Release;
		};
		96A612151D46182100F389E7 /* Build configuration list for PBXNativeTarget "TamagotchiIOS16Tests" */ = {
			isa = XCConfigurationList;
			buildConfigurations = (
				96A612161D46182100F389E7 /* Debug */,
				96A612171D46182100F389E7 /* Release */,
			);
			defaultConfigurationIsVisible = 0;
			defaultConfigurationName = Release;
		};
		96A612181D46182100F389E7 /* Build configuration list for PBXNativeTarget "TamagotchiIOS16UITests" */ = {
			isa = XCConfigurationList;
			buildConfigurations = (
				96A612191D46182100F389E7 /* Debug */,
				96A6121A1D46182100F389E7 /* Release */,
			);
			defaultConfigurationIsVisible = 0;
			defaultConfigurationName = Release;
		};
/* End XCConfigurationList section */
	};
	rootObject = 96A611DD1D46182100F389E7 /* Project object */;
}
